
Microsoft Visual Studio Solution File, Format Version 12.00
# Visual Studio 14
VisualStudioVersion = 14.0.24720.0
MinimumVisualStudioVersion = 10.0.40219.1
Project("{FAE04EC0-301F-11D3-BF4B-00C04F79EFBC}") = "Exercice1", "Exercice1\Exercice1.csproj", "{D80FE464-A4EA-45D1-B088-B5D88CB7DA90}"
EndProject
Project("{FAE04EC0-301F-11D3-BF4B-00C04F79EFBC}") = "Exercice2", "Exercice2\Exercice2.csproj", "{996772C4-C400-4FB0-9BF7-8C9814527688}"
EndProject
Global
	GlobalSection(SolutionConfigurationPlatforms) = preSolution
		Debug|Any CPU = Debug|Any CPU
		Release|Any CPU = Release|Any CPU
	EndGlobalSection
	GlobalSection(ProjectConfigurationPlatforms) = postSolution
		{D80FE464-A4EA-45D1-B088-B5D88CB7DA90}.Debug|Any CPU.ActiveCfg = Debug|Any CPU
		{D80FE464-A4EA-45D1-B088-B5D88CB7DA90}.Debug|Any CPU.Build.0 = Debug|Any CPU
		{D80FE464-A4EA-45D1-B088-B5D88CB7DA90}.Release|Any CPU.ActiveCfg = Release|Any CPU
		{D80FE464-A4EA-45D1-B088-B5D88CB7DA90}.Release|Any CPU.Build.0 = Release|Any CPU
		{996772C4-C400-4FB0-9BF7-8C9814527688}.Debug|Any CPU.ActiveCfg = Debug|Any CPU
		{996772C4-C400-4FB0-9BF7-8C9814527688}.Debug|Any CPU.Build.0 = Debug|Any CPU
		{996772C4-C400-4FB0-9BF7-8C9814527688}.Release|Any CPU.ActiveCfg = Release|Any CPU
		{996772C4-C400-4FB0-9BF7-8C9814527688}.Release|Any CPU.Build.0 = Release|Any CPU
	EndGlobalSection
	GlobalSection(SolutionProperties) = preSolution
		HideSolutionNode = FALSE
	EndGlobalSection
EndGlobal
